[
    {
        "namespace": "base",
        "module": "name",
        "version": "1.0.0"
    },
    {
        "namespace": "base",
        "module": "networkpolicy",
        "version": "1.0.0"
    },
    {
        "namespace": "base",
        "module": "meta",
        "version": "1.0.2"
    },
    {
        "namespace": "base",
        "module": "external-services-networkpolicy",
        "version": "1.0.1"
    }
]
