[
    {
        "namespace": "base",
        "module": "name",
        "version": "1.0.0"
    },
    {
        "namespace": "base",
        "module": "networkpolicy",
        "version": "1.0.0"
    },
    {
        "namespace": "mesh",
        "module": "networkpolicy",
        "version": "1.0.0"
    }
]