[
    {
        "namespace": "app",
        "module": "generic",
        "version": "1.0.0"
    },
    {
        "namespace": "base",
        "module": "helper",
        "version": "1.0.0"
    },
    {
        "namespace": "base",
        "module": "meta",
        "version": "1.0.1"
    },
    {
        "namespace": "base",
        "module": "name",
        "version": "1.0.0"
    },
    {
        "namespace": "mesh",
        "module": "name",
        "version": "1.0.0"
    },
    {
        "namespace": "mesh",
        "module": "configuration",
        "version": "1.2.1"
    },
    {
        "namespace": "base",
        "module": "networkpolicy",
        "version": "1.0.0"
    },
    {
        "namespace": "ingress",
        "module": "istio",
        "version": "1.0.2"
    },
    {
        "namespace": "lamp",
        "module": "common",
        "version": "1.0.0"
    },
    {
        "namespace": "lamp",
        "module": "httpd",
        "version": "1.0.0"
    },
    {
        "namespace": "lamp",
        "module": "networkpolicy",
        "version": "1.0.0"
    },
    {
        "namespace": "lamp",
        "module": "phpfpm",
        "version": "1.0.0"
    },
    {
        "namespace": "mesh",
        "module": "deployment",
        "version": "1.1.0"
    },
    {
        "namespace": "mesh",
        "module": "networkpolicy",
        "version": "1.1.0"
    },
    {
        "namespace": "mesh",
        "module": "service",
        "version": "1.1.0"
    }
]