[
    {
        "namespace": "base",
        "module": "helper",
        "version": "1.1.4"
    },
    {
        "namespace": "base",
        "module": "name",
        "version": "1.0.0"
    },
    {
        "namespace": "base",
        "module": "networkpolicy",
        "version": "1.0.1"
    },
    {
        "namespace": "base",
        "module": "external-services-networkpolicy",
        "version": "1.0.3"
    },
    {
        "namespace": "base",
        "module": "meta",
        "version": "2.0.2"
    },
    {
        "namespace": "mesh",
        "module": "certificate",
        "version": "1.1.0"
    },
    {
        "namespace": "mesh",
        "module": "name",
        "version": "1.1.0"
    },
    {
        "namespace": "mesh",
        "module": "configuration",
        "version": "1.15.1"
    },
    {
        "namespace": "mesh",
        "module": "deployment",
        "version": "1.3.1"
    }
]