[
    {
        "namespace": "base",
        "module": "name",
        "version": "1.0.0"
    },
    {
        "namespace": "base",
        "module": "meta",
        "version": "1.0.0"
    },
    {
        "namespace": "base",
        "module": "networkpolicy",
        "version": "1.0.0"
    },
    {
        "namespace": "base",
        "module": "helper",
        "version": "1.0.0"
    }
]